
Microsoft Visual Studio Solution File, Format Version 12.00
# Visual Studio Version 17
VisualStudioVersion = 17.9.34701.34
MinimumVisualStudioVersion = 10.0.40219.1
Project("{FAE04EC0-301F-11D3-BF4B-00C04F79EFBC}") = "ConsoleApp", "ConsoleApp\ConsoleApp.csproj", "{0C70A8DB-7817-4FB2-A535-4B6005814D3D}"
EndProject
Project("{FAE04EC0-301F-11D3-BF4B-00C04F79EFBC}") = "Data", "Data\Data.csproj", "{DF4488CA-ED13-42ED-8AB1-6F13F6DBE48A}"
EndProject
Project("{FAE04EC0-301F-11D3-BF4B-00C04F79EFBC}") = "Domain", "Domain\Domain.csproj", "{2E0CD418-5A54-4FDE-B6C3-BF596EA697C0}"
EndProject
Global
	GlobalSection(SolutionConfigurationPlatforms) = preSolution
		Debug|Any CPU = Debug|Any CPU
		Release|Any CPU = Release|Any CPU
	EndGlobalSection
	GlobalSection(ProjectConfigurationPlatforms) = postSolution
		{0C70A8DB-7817-4FB2-A535-4B6005814D3D}.Debug|Any CPU.ActiveCfg = Debug|Any CPU
		{0C70A8DB-7817-4FB2-A535-4B6005814D3D}.Debug|Any CPU.Build.0 = Debug|Any CPU
		{0C70A8DB-7817-4FB2-A535-4B6005814D3D}.Release|Any CPU.ActiveCfg = Release|Any CPU
		{0C70A8DB-7817-4FB2-A535-4B6005814D3D}.Release|Any CPU.Build.0 = Release|Any CPU
		{DF4488CA-ED13-42ED-8AB1-6F13F6DBE48A}.Debug|Any CPU.ActiveCfg = Debug|Any CPU
		{DF4488CA-ED13-42ED-8AB1-6F13F6DBE48A}.Debug|Any CPU.Build.0 = Debug|Any CPU
		{DF4488CA-ED13-42ED-8AB1-6F13F6DBE48A}.Release|Any CPU.ActiveCfg = Release|Any CPU
		{DF4488CA-ED13-42ED-8AB1-6F13F6DBE48A}.Release|Any CPU.Build.0 = Release|Any CPU
		{2E0CD418-5A54-4FDE-B6C3-BF596EA697C0}.Debug|Any CPU.ActiveCfg = Debug|Any CPU
		{2E0CD418-5A54-4FDE-B6C3-BF596EA697C0}.Debug|Any CPU.Build.0 = Debug|Any CPU
		{2E0CD418-5A54-4FDE-B6C3-BF596EA697C0}.Release|Any CPU.ActiveCfg = Release|Any CPU
		{2E0CD418-5A54-4FDE-B6C3-BF596EA697C0}.Release|Any CPU.Build.0 = Release|Any CPU
	EndGlobalSection
	GlobalSection(SolutionProperties) = preSolution
		HideSolutionNode = FALSE
	EndGlobalSection
	GlobalSection(ExtensibilityGlobals) = postSolution
		SolutionGuid = {87900210-3CD4-4DBB-B53E-0E1F1594D893}
	EndGlobalSection
EndGlobal
